
Microsoft Visual Studio Solution File, Format Version 12.00
# Visual Studio Version 17
VisualStudioVersion = 17.8.34330.188
MinimumVisualStudioVersion = 10.0.40219.1
Project("{FAE04EC0-301F-11D3-BF4B-00C04F79EFBC}") = "dockerproject", "dockerproject\dockerproject.csproj", "{5D0B64D3-0F91-4C5A-87AF-93AD209E8FFE}"
EndProject
Global
	GlobalSection(SolutionConfigurationPlatforms) = preSolution
		Debug|Any CPU = Debug|Any CPU
		Release|Any CPU = Release|Any CPU
	EndGlobalSection
	GlobalSection(ProjectConfigurationPlatforms) = postSolution
		{5D0B64D3-0F91-4C5A-87AF-93AD209E8FFE}.Debug|Any CPU.ActiveCfg = Debug|Any CPU
		{5D0B64D3-0F91-4C5A-87AF-93AD209E8FFE}.Debug|Any CPU.Build.0 = Debug|Any CPU
		{5D0B64D3-0F91-4C5A-87AF-93AD209E8FFE}.Release|Any CPU.ActiveCfg = Release|Any CPU
		{5D0B64D3-0F91-4C5A-87AF-93AD209E8FFE}.Release|Any CPU.Build.0 = Release|Any CPU
	EndGlobalSection
	GlobalSection(SolutionProperties) = preSolution
		HideSolutionNode = FALSE
	EndGlobalSection
	GlobalSection(ExtensibilityGlobals) = postSolution
		SolutionGuid = {26698523-D109-437F-B20B-F4C926B6414C}
	EndGlobalSection
EndGlobal
